
Microsoft Visual Studio Solution File, Format Version 12.00
# Visual Studio Version 16
VisualStudioVersion = 16.0.31624.102
MinimumVisualStudioVersion = 10.0.40219.1
Project("{FAE04EC0-301F-11D3-BF4B-00C04F79EFBC}") = "CWPractice", "CWPractice.csproj", "{92257187-C666-41D2-A518-65AB0CCE9F32}"
EndProject
Global
	GlobalSection(SolutionConfigurationPlatforms) = preSolution
		Debug|Any CPU = Debug|Any CPU
		Release|Any CPU = Release|Any CPU
	EndGlobalSection
	GlobalSection(ProjectConfigurationPlatforms) = postSolution
		{92257187-C666-41D2-A518-65AB0CCE9F32}.Debug|Any CPU.ActiveCfg = Debug|Any CPU
		{92257187-C666-41D2-A518-65AB0CCE9F32}.Debug|Any CPU.Build.0 = Debug|Any CPU
		{92257187-C666-41D2-A518-65AB0CCE9F32}.Release|Any CPU.ActiveCfg = Release|Any CPU
		{92257187-C666-41D2-A518-65AB0CCE9F32}.Release|Any CPU.Build.0 = Release|Any CPU
	EndGlobalSection
	GlobalSection(SolutionProperties) = preSolution
		HideSolutionNode = FALSE
	EndGlobalSection
	GlobalSection(ExtensibilityGlobals) = postSolution
		SolutionGuid = {63B2E745-E3B1-424A-9B93-7C6D84CB2D49}
	EndGlobalSection
EndGlobal
